<?xml version="1.0" encoding="utf-8"?>
<Project ToolsVersion="4.0" xmlns="http://schemas.microsoft.com/developer/msbuild/2003">
  <ItemGroup>
    <Filter Include="Source Files">
      <UniqueIdentifier>{4FC737F1-C7A5-4376-A066-2A32D752A2FF}</UniqueIdentifier>
      <Extensions>cpp;c;cc;cxx;c++;cppm;ixx;def;odl;idl;hpj;bat;asm;asmx</Extensions>
    </Filter>
    <Filter Include="Header Files">
      <UniqueIdentifier>{93995380-89BD-4b04-88EB-625FBE52EBFB}</UniqueIdentifier>
      <Extensions>h;hh;hpp;hxx;h++;hm;inl;inc;ipp;xsd</Extensions>
    </Filter>
    <Filter Include="Resource Files">
      <UniqueIdentifier>{67DA6AB6-F800-4c08-8B7A-83BB121AAD01}</UniqueIdentifier>
      <Extensions>rc;ico;cur;bmp;dlg;rc2;rct;bin;rgs;gif;jpg;jpeg;jpe;resx;tiff;tif;png;wav;mfcribbon-ms</Extensions>
    </Filter>
    <Filter Include="Header Files\exo1">
      <UniqueIdentifier>{fce5950c-7414-4bfb-abd0-aacc56efac55}</UniqueIdentifier>
    </Filter>
    <Filter Include="Source Files\exo1">
      <UniqueIdentifier>{61da5183-4252-444b-98d8-508a545a88a6}</UniqueIdentifier>
    </Filter>
    <Filter Include="Header Files\exo2">
      <UniqueIdentifier>{c834bd13-9210-4f23-bc24-5af1add5b04f}</UniqueIdentifier>
    </Filter>
    <Filter Include="Header Files\exo3">
      <UniqueIdentifier>{018cc913-fc07-477e-ab9b-1a6163c8536e}</UniqueIdentifier>
    </Filter>
    <Filter Include="Header Files\exo4">
      <UniqueIdentifier>{74122020-bad0-4e45-a2bc-7bd82efc9855}</UniqueIdentifier>
    </Filter>
    <Filter Include="Source Files\exo2">
      <UniqueIdentifier>{1e4aad9f-7cf7-41f4-9f12-e7b69d5d596c}</UniqueIdentifier>
    </Filter>
    <Filter Include="Source Files\exo3">
      <UniqueIdentifier>{4ca3bee2-a9f2-465e-8de1-06c7bb361910}</UniqueIdentifier>
    </Filter>
    <Filter Include="Source Files\exo4">
      <UniqueIdentifier>{d662ba9d-79d8-45e7-b7b0-fc636bbbaac7}</UniqueIdentifier>
    </Filter>
    <Filter Include="Header Files\exo5">
      <UniqueIdentifier>{38810b61-ab9e-48d7-9e44-cd4947d39fb6}</UniqueIdentifier>
    </Filter>
    <Filter Include="Source Files\exo5">
      <UniqueIdentifier>{1eb5189f-796e-45fa-9732-eccd29f8284f}</UniqueIdentifier>
    </Filter>
    <Filter Include="Source Files\exam1">
      <UniqueIdentifier>{ca5c7b63-cfa4-49a9-9c1b-7b68b119ac85}</UniqueIdentifier>
    </Filter>
    <Filter Include="Header Files\exo6">
      <UniqueIdentifier>{ceff85e1-4ec8-4cc9-a80c-b2030748159f}</UniqueIdentifier>
    </Filter>
    <Filter Include="Source Files\exo6">
      <UniqueIdentifier>{8a3b8d79-99db-4192-b7bd-f61c875ae191}</UniqueIdentifier>
    </Filter>
    <Filter Include="Source Files\exo7">
      <UniqueIdentifier>{79f70b8d-8c48-4d02-8dc5-0e0bba04cf37}</UniqueIdentifier>
    </Filter>
    <Filter Include="Source Files\exo8">
      <UniqueIdentifier>{2f984646-9d10-4f93-ad6d-e0d45004f2ce}</UniqueIdentifier>
    </Filter>
    <Filter Include="Header Files\exo7">
      <UniqueIdentifier>{9056a98d-9a8f-4b30-8f74-31c3b6ef91d8}</UniqueIdentifier>
    </Filter>
    <Filter Include="Header Files\exo8">
      <UniqueIdentifier>{c214be5d-1799-4787-ac49-51f1f0a41e92}</UniqueIdentifier>
    </Filter>
    <Filter Include="Source Files\exam2">
      <UniqueIdentifier>{087ec1a9-0290-4a07-a69a-cc120f41ff1b}</UniqueIdentifier>
    </Filter>
  </ItemGroup>
  <ItemGroup>
    <ClCompile Include="src\Circle.cpp">
      <Filter>Source Files\exo1</Filter>
    </ClCompile>
    <ClCompile Include="src\Assistant.cpp">
      <Filter>Source Files\exo2</Filter>
    </ClCompile>
    <ClCompile Include="src\Coord.cpp">
      <Filter>Source Files\exo2</Filter>
    </ClCompile>
    <ClCompile Include="src\Magician.cpp">
      <Filter>Source Files\exo2</Filter>
    </ClCompile>
    <ClCompile Include="src\Paper.cpp">
      <Filter>Source Files\exo2</Filter>
    </ClCompile>
    <ClCompile Include="src\Spectator.cpp">
      <Filter>Source Files\exo2</Filter>
    </ClCompile>
    <ClCompile Include="src\Point3D.cpp">
      <Filter>Source Files\exo3</Filter>
    </ClCompile>
    <ClCompile Include="src\Triangle.cpp">
      <Filter>Source Files\exo4</Filter>
    </ClCompile>
    <ClCompile Include="src\Apero.cpp">
      <Filter>Source Files\exo5</Filter>
    </ClCompile>
    <ClCompile Include="src\Fleur.cpp">
      <Filter>Source Files\exo6</Filter>
    </ClCompile>
    <ClCompile Include="src\Article.cpp">
      <Filter>Source Files\exo8</Filter>
    </ClCompile>
    <ClCompile Include="src\Caddie.cpp">
      <Filter>Source Files\exo8</Filter>
    </ClCompile>
    <ClCompile Include="src\Caisse.cpp">
      <Filter>Source Files\exo8</Filter>
    </ClCompile>
    <ClCompile Include="src\Achat.cpp">
      <Filter>Source Files\exo8</Filter>
    </ClCompile>
    <ClCompile Include="exams\biblio.cpp">
      <Filter>Source Files</Filter>
    </ClCompile>
  </ItemGroup>
  <ItemGroup>
    <ClInclude Include="include\Circle.h">
      <Filter>Header Files\exo1</Filter>
    </ClInclude>
    <ClInclude Include="include\Assistant.h">
      <Filter>Header Files\exo2</Filter>
    </ClInclude>
    <ClInclude Include="include\Coord.h">
      <Filter>Header Files\exo2</Filter>
    </ClInclude>
    <ClInclude Include="include\Magician.h">
      <Filter>Header Files\exo2</Filter>
    </ClInclude>
    <ClInclude Include="include\Paper.h">
      <Filter>Header Files\exo2</Filter>
    </ClInclude>
    <ClInclude Include="include\Spectator.h">
      <Filter>Header Files\exo2</Filter>
    </ClInclude>
    <ClInclude Include="include\Point3D.h">
      <Filter>Header Files\exo3</Filter>
    </ClInclude>
    <ClInclude Include="include\Triangle.h">
      <Filter>Header Files\exo4</Filter>
    </ClInclude>
    <ClInclude Include="include\Apero.h">
      <Filter>Header Files\exo5</Filter>
    </ClInclude>
    <ClInclude Include="include\Fleur.h">
      <Filter>Header Files\exo6</Filter>
    </ClInclude>
    <ClInclude Include="include\Article.h">
      <Filter>Header Files\exo8</Filter>
    </ClInclude>
    <ClInclude Include="include\Caddie.h">
      <Filter>Header Files\exo8</Filter>
    </ClInclude>
    <ClInclude Include="include\Caisse.h">
      <Filter>Header Files\exo8</Filter>
    </ClInclude>
    <ClInclude Include="include\Achat.h">
      <Filter>Header Files\exo8</Filter>
    </ClInclude>
  </ItemGroup>
</Project>